Microsoft Visual Studio Solution File, Format Version 12.00
# Visual Studio Version 17
VisualStudioVersion = 17.5.2.0
MinimumVisualStudioVersion = 10.0.40219.1
Project("{FAE04EC0-301F-11D3-BF4B-00C04F79EFBC}") = "Fourier_expander", "Fourier_expander.csproj", "{3465ADAA-AD88-DBBC-60BD-BAE577E7A24E}"
EndProject
Global
	GlobalSection(SolutionConfigurationPlatforms) = preSolution
		Debug|Any CPU = Debug|Any CPU
		Release|Any CPU = Release|Any CPU
	EndGlobalSection
	GlobalSection(ProjectConfigurationPlatforms) = postSolution
		{3465ADAA-AD88-DBBC-60BD-BAE577E7A24E}.Debug|Any CPU.ActiveCfg = Debug|Any CPU
		{3465ADAA-AD88-DBBC-60BD-BAE577E7A24E}.Debug|Any CPU.Build.0 = Debug|Any CPU
		{3465ADAA-AD88-DBBC-60BD-BAE577E7A24E}.Release|Any CPU.ActiveCfg = Release|Any CPU
		{3465ADAA-AD88-DBBC-60BD-BAE577E7A24E}.Release|Any CPU.Build.0 = Release|Any CPU
	EndGlobalSection
	GlobalSection(SolutionProperties) = preSolution
		HideSolutionNode = FALSE
	EndGlobalSection
	GlobalSection(ExtensibilityGlobals) = postSolution
		SolutionGuid = {C153E5EB-0CFA-423F-AE31-BBAE895DFADB}
	EndGlobalSection
EndGlobal
